
Microsoft Visual Studio Solution File, Format Version 12.00
# Visual Studio 15
VisualStudioVersion = 15.0.28307.539
MinimumVisualStudioVersion = 10.0.40219.1
Project("{FAE04EC0-301F-11D3-BF4B-00C04F79EFBC}") = "App1.Android", "App1\App1.Android\App1.Android.csproj", "{4B4C6C6B-91A5-4496-A1A6-F444172E088A}"
EndProject
Project("{FAE04EC0-301F-11D3-BF4B-00C04F79EFBC}") = "App1.iOS", "App1\App1.iOS\App1.iOS.csproj", "{51F7EDFC-DDA5-45F6-9B60-E28A012CD899}"
EndProject
Project("{FAE04EC0-301F-11D3-BF4B-00C04F79EFBC}") = "App1.UWP", "App1\App1.UWP\App1.UWP.csproj", "{04C9EF5E-BC97-4418-8E97-D38B65B54C6B}"
EndProject
Project("{FAE04EC0-301F-11D3-BF4B-00C04F79EFBC}") = "App1", "App1\App1\App1.csproj", "{8B4B5ABC-A8B0-4B3E-BB6D-66BF8FA858DB}"
EndProject
Global
	GlobalSection(SolutionConfigurationPlatforms) = preSolution
		Ad-Hoc|Any CPU = Ad-Hoc|Any CPU
		Ad-Hoc|ARM = Ad-Hoc|ARM
		Ad-Hoc|iPhone = Ad-Hoc|iPhone
		Ad-Hoc|iPhoneSimulator = Ad-Hoc|iPhoneSimulator
		Ad-Hoc|x64 = Ad-Hoc|x64
		Ad-Hoc|x86 = Ad-Hoc|x86
		AppStore|Any CPU = AppStore|Any CPU
		AppStore|ARM = AppStore|ARM
		AppStore|iPhone = AppStore|iPhone
		AppStore|iPhoneSimulator = AppStore|iPhoneSimulator
		AppStore|x64 = AppStore|x64
		AppStore|x86 = AppStore|x86
		Debug|Any CPU = Debug|Any CPU
		Debug|ARM = Debug|ARM
		Debug|iPhone = Debug|iPhone
		Debug|iPhoneSimulator = Debug|iPhoneSimulator
		Debug|x64 = Debug|x64
		Debug|x86 = Debug|x86
		Release|Any CPU = Release|Any CPU
		Release|ARM = Release|ARM
		Release|iPhone = Release|iPhone
		Release|iPhoneSimulator = Release|iPhoneSimulator
		Release|x64 = Release|x64
		Release|x86 = Release|x86
	EndGlobalSection
	GlobalSection(ProjectConfigurationPlatforms) = postSolution
		{4B4C6C6B-91A5-4496-A1A6-F444172E088A}.Ad-Hoc|Any CPU.ActiveCfg = Release|Any CPU
		{4B4C6C6B-91A5-4496-A1A6-F444172E088A}.Ad-Hoc|Any CPU.Build.0 = Release|Any CPU
		{4B4C6C6B-91A5-4496-A1A6-F444172E088A}.Ad-Hoc|Any CPU.Deploy.0 = Release|Any CPU
		{4B4C6C6B-91A5-4496-A1A6-F444172E088A}.Ad-Hoc|ARM.ActiveCfg = Release|Any CPU
		{4B4C6C6B-91A5-4496-A1A6-F444172E088A}.Ad-Hoc|ARM.Build.0 = Release|Any CPU
		{4B4C6C6B-91A5-4496-A1A6-F444172E088A}.Ad-Hoc|ARM.Deploy.0 = Release|Any CPU
		{4B4C6C6B-91A5-4496-A1A6-F444172E088A}.Ad-Hoc|iPhone.ActiveCfg = Release|Any CPU
		{4B4C6C6B-91A5-4496-A1A6-F444172E088A}.Ad-Hoc|iPhone.Build.0 = Release|Any CPU
		{4B4C6C6B-91A5-4496-A1A6-F444172E088A}.Ad-Hoc|iPhone.Deploy.0 = Release|Any CPU
		{4B4C6C6B-91A5-4496-A1A6-F444172E088A}.Ad-Hoc|iPhoneSimulator.ActiveCfg = Release|Any CPU
		{4B4C6C6B-91A5-4496-A1A6-F444172E088A}.Ad-Hoc|iPhoneSimulator.Build.0 = Release|Any CPU
		{4B4C6C6B-91A5-4496-A1A6-F444172E088A}.Ad-Hoc|iPhoneSimulator.Deploy.0 = Release|Any CPU
		{4B4C6C6B-91A5-4496-A1A6-F444172E088A}.Ad-Hoc|x64.ActiveCfg = Release|Any CPU
		{4B4C6C6B-91A5-4496-A1A6-F444172E088A}.Ad-Hoc|x64.Build.0 = Release|Any CPU
		{4B4C6C6B-91A5-4496-A1A6-F444172E088A}.Ad-Hoc|x64.Deploy.0 = Release|Any CPU
		{4B4C6C6B-91A5-4496-A1A6-F444172E088A}.Ad-Hoc|x86.ActiveCfg = Release|Any CPU
		{4B4C6C6B-91A5-4496-A1A6-F444172E088A}.Ad-Hoc|x86.Build.0 = Release|Any CPU
		{4B4C6C6B-91A5-4496-A1A6-F444172E088A}.Ad-Hoc|x86.Deploy.0 = Release|Any CPU
		{4B4C6C6B-91A5-4496-A1A6-F444172E088A}.AppStore|Any CPU.ActiveCfg = Release|Any CPU
		{4B4C6C6B-91A5-4496-A1A6-F444172E088A}.AppStore|Any CPU.Build.0 = Release|Any CPU
		{4B4C6C6B-91A5-4496-A1A6-F444172E088A}.AppStore|Any CPU.Deploy.0 = Release|Any CPU
		{4B4C6C6B-91A5-4496-A1A6-F444172E088A}.AppStore|ARM.ActiveCfg = Release|Any CPU
		{4B4C6C6B-91A5-4496-A1A6-F444172E088A}.AppStore|ARM.Build.0 = Release|Any CPU
		{4B4C6C6B-91A5-4496-A1A6-F444172E088A}.AppStore|ARM.Deploy.0 = Release|Any CPU
		{4B4C6C6B-91A5-4496-A1A6-F444172E088A}.AppStore|iPhone.ActiveCfg = Release|Any CPU
		{4B4C6C6B-91A5-4496-A1A6-F444172E088A}.AppStore|iPhone.Build.0 = Release|Any CPU
		{4B4C6C6B-91A5-4496-A1A6-F444172E088A}.AppStore|iPhone.Deploy.0 = Release|Any CPU
		{4B4C6C6B-91A5-4496-A1A6-F444172E088A}.AppStore|iPhoneSimulator.ActiveCfg = Release|Any CPU
		{4B4C6C6B-91A5-4496-A1A6-F444172E088A}.AppStore|iPhoneSimulator.Build.0 = Release|Any CPU
		{4B4C6C6B-91A5-4496-A1A6-F444172E088A}.AppStore|iPhoneSimulator.Deploy.0 = Release|Any CPU
		{4B4C6C6B-91A5-4496-A1A6-F444172E088A}.AppStore|x64.ActiveCfg = Release|Any CPU
		{4B4C6C6B-91A5-4496-A1A6-F444172E088A}.AppStore|x64.Build.0 = Release|Any CPU
		{4B4C6C6B-91A5-4496-A1A6-F444172E088A}.AppStore|x64.Deploy.0 = Release|Any CPU
		{4B4C6C6B-91A5-4496-A1A6-F444172E088A}.AppStore|x86.ActiveCfg = Release|Any CPU
		{4B4C6C6B-91A5-4496-A1A6-F444172E088A}.AppStore|x86.Build.0 = Release|Any CPU
		{4B4C6C6B-91A5-4496-A1A6-F444172E088A}.AppStore|x86.Deploy.0 = Release|Any CPU
		{4B4C6C6B-91A5-4496-A1A6-F444172E088A}.Debug|Any CPU.ActiveCfg = Debug|Any CPU
		{4B4C6C6B-91A5-4496-A1A6-F444172E088A}.Debug|Any CPU.Build.0 = Debug|Any CPU
		{4B4C6C6B-91A5-4496-A1A6-F444172E088A}.Debug|Any CPU.Deploy.0 = Debug|Any CPU
		{4B4C6C6B-91A5-4496-A1A6-F444172E088A}.Debug|ARM.ActiveCfg = Debug|Any CPU
		{4B4C6C6B-91A5-4496-A1A6-F444172E088A}.Debug|ARM.Build.0 = Debug|Any CPU
		{4B4C6C6B-91A5-4496-A1A6-F444172E088A}.Debug|ARM.Deploy.0 = Debug|Any CPU
		{4B4C6C6B-91A5-4496-A1A6-F444172E088A}.Debug|iPhone.ActiveCfg = Debug|Any CPU
		{4B4C6C6B-91A5-4496-A1A6-F444172E088A}.Debug|iPhone.Build.0 = Debug|Any CPU
		{4B4C6C6B-91A5-4496-A1A6-F444172E088A}.Debug|iPhone.Deploy.0 = Debug|Any CPU
		{4B4C6C6B-91A5-4496-A1A6-F444172E088A}.Debug|iPhoneSimulator.ActiveCfg = Debug|Any CPU
		{4B4C6C6B-91A5-4496-A1A6-F444172E088A}.Debug|iPhoneSimulator.Build.0 = Debug|Any CPU
		{4B4C6C6B-91A5-4496-A1A6-F444172E088A}.Debug|iPhoneSimulator.Deploy.0 = Debug|Any CPU
		{4B4C6C6B-91A5-4496-A1A6-F444172E088A}.Debug|x64.ActiveCfg = Debug|Any CPU
		{4B4C6C6B-91A5-4496-A1A6-F444172E088A}.Debug|x64.Build.0 = Debug|Any CPU
		{4B4C6C6B-91A5-4496-A1A6-F444172E088A}.Debug|x64.Deploy.0 = Debug|Any CPU
		{4B4C6C6B-91A5-4496-A1A6-F444172E088A}.Debug|x86.ActiveCfg = Debug|Any CPU
		{4B4C6C6B-91A5-4496-A1A6-F444172E088A}.Debug|x86.Build.0 = Debug|Any CPU
		{4B4C6C6B-91A5-4496-A1A6-F444172E088A}.Debug|x86.Deploy.0 = Debug|Any CPU
		{4B4C6C6B-91A5-4496-A1A6-F444172E088A}.Release|Any CPU.ActiveCfg = Release|Any CPU
		{4B4C6C6B-91A5-4496-A1A6-F444172E088A}.Release|Any CPU.Build.0 = Release|Any CPU
		{4B4C6C6B-91A5-4496-A1A6-F444172E088A}.Release|Any CPU.Deploy.0 = Release|Any CPU
		{4B4C6C6B-91A5-4496-A1A6-F444172E088A}.Release|ARM.ActiveCfg = Release|Any CPU
		{4B4C6C6B-91A5-4496-A1A6-F444172E088A}.Release|ARM.Build.0 = Release|Any CPU
		{4B4C6C6B-91A5-4496-A1A6-F444172E088A}.Release|ARM.Deploy.0 = Release|Any CPU
		{4B4C6C6B-91A5-4496-A1A6-F444172E088A}.Release|iPhone.ActiveCfg = Release|Any CPU
		{4B4C6C6B-91A5-4496-A1A6-F444172E088A}.Release|iPhone.Build.0 = Release|Any CPU
		{4B4C6C6B-91A5-4496-A1A6-F444172E088A}.Release|iPhone.Deploy.0 = Release|Any CPU
		{4B4C6C6B-91A5-4496-A1A6-F444172E088A}.Release|iPhoneSimulator.ActiveCfg = Release|Any CPU
		{4B4C6C6B-91A5-4496-A1A6-F444172E088A}.Release|iPhoneSimulator.Build.0 = Release|Any CPU
		{4B4C6C6B-91A5-4496-A1A6-F444172E088A}.Release|iPhoneSimulator.Deploy.0 = Release|Any CPU
		{4B4C6C6B-91A5-4496-A1A6-F444172E088A}.Release|x64.ActiveCfg = Release|Any CPU
		{4B4C6C6B-91A5-4496-A1A6-F444172E088A}.Release|x64.Build.0 = Release|Any CPU
		{4B4C6C6B-91A5-4496-A1A6-F444172E088A}.Release|x64.Deploy.0 = Release|Any CPU
		{4B4C6C6B-91A5-4496-A1A6-F444172E088A}.Release|x86.ActiveCfg = Release|Any CPU
		{4B4C6C6B-91A5-4496-A1A6-F444172E088A}.Release|x86.Build.0 = Release|Any CPU
		{4B4C6C6B-91A5-4496-A1A6-F444172E088A}.Release|x86.Deploy.0 = Release|Any CPU
		{51F7EDFC-DDA5-45F6-9B60-E28A012CD899}.Ad-Hoc|Any CPU.ActiveCfg = Ad-Hoc|iPhone
		{51F7EDFC-DDA5-45F6-9B60-E28A012CD899}.Ad-Hoc|Any CPU.Build.0 = Ad-Hoc|iPhone
		{51F7EDFC-DDA5-45F6-9B60-E28A012CD899}.Ad-Hoc|Any CPU.Deploy.0 = Ad-Hoc|iPhone
		{51F7EDFC-DDA5-45F6-9B60-E28A012CD899}.Ad-Hoc|ARM.ActiveCfg = Ad-Hoc|iPhone
		{51F7EDFC-DDA5-45F6-9B60-E28A012CD899}.Ad-Hoc|ARM.Build.0 = Ad-Hoc|iPhone
		{51F7EDFC-DDA5-45F6-9B60-E28A012CD899}.Ad-Hoc|ARM.Deploy.0 = Ad-Hoc|iPhone
		{51F7EDFC-DDA5-45F6-9B60-E28A012CD899}.Ad-Hoc|iPhone.ActiveCfg = Ad-Hoc|iPhone
		{51F7EDFC-DDA5-45F6-9B60-E28A012CD899}.Ad-Hoc|iPhone.Build.0 = Ad-Hoc|iPhone
		{51F7EDFC-DDA5-45F6-9B60-E28A012CD899}.Ad-Hoc|iPhone.Deploy.0 = Ad-Hoc|iPhone
		{51F7EDFC-DDA5-45F6-9B60-E28A012CD899}.Ad-Hoc|iPhoneSimulator.ActiveCfg = Ad-Hoc|iPhoneSimulator
		{51F7EDFC-DDA5-45F6-9B60-E28A012CD899}.Ad-Hoc|iPhoneSimulator.Build.0 = Ad-Hoc|iPhoneSimulator
		{51F7EDFC-DDA5-45F6-9B60-E28A012CD899}.Ad-Hoc|iPhoneSimulator.Deploy.0 = Ad-Hoc|iPhoneSimulator
		{51F7EDFC-DDA5-45F6-9B60-E28A012CD899}.Ad-Hoc|x64.ActiveCfg = Ad-Hoc|iPhone
		{51F7EDFC-DDA5-45F6-9B60-E28A012CD899}.Ad-Hoc|x64.Build.0 = Ad-Hoc|iPhone
		{51F7EDFC-DDA5-45F6-9B60-E28A012CD899}.Ad-Hoc|x64.Deploy.0 = Ad-Hoc|iPhone
		{51F7EDFC-DDA5-45F6-9B60-E28A012CD899}.Ad-Hoc|x86.ActiveCfg = Ad-Hoc|iPhone
		{51F7EDFC-DDA5-45F6-9B60-E28A012CD899}.Ad-Hoc|x86.Build.0 = Ad-Hoc|iPhone
		{51F7EDFC-DDA5-45F6-9B60-E28A012CD899}.Ad-Hoc|x86.Deploy.0 = Ad-Hoc|iPhone
		{51F7EDFC-DDA5-45F6-9B60-E28A012CD899}.AppStore|Any CPU.ActiveCfg = AppStore|iPhone
		{51F7EDFC-DDA5-45F6-9B60-E28A012CD899}.AppStore|Any CPU.Build.0 = AppStore|iPhone
		{51F7EDFC-DDA5-45F6-9B60-E28A012CD899}.AppStore|Any CPU.Deploy.0 = AppStore|iPhone
		{51F7EDFC-DDA5-45F6-9B60-E28A012CD899}.AppStore|ARM.ActiveCfg = AppStore|iPhone
		{51F7EDFC-DDA5-45F6-9B60-E28A012CD899}.AppStore|ARM.Build.0 = AppStore|iPhone
		{51F7EDFC-DDA5-45F6-9B60-E28A012CD899}.AppStore|ARM.Deploy.0 = AppStore|iPhone
		{51F7EDFC-DDA5-45F6-9B60-E28A012CD899}.AppStore|iPhone.ActiveCfg = AppStore|iPhone
		{51F7EDFC-DDA5-45F6-9B60-E28A012CD899}.AppStore|iPhone.Build.0 = AppStore|iPhone
		{51F7EDFC-DDA5-45F6-9B60-E28A012CD899}.AppStore|iPhone.Deploy.0 = AppStore|iPhone
		{51F7EDFC-DDA5-45F6-9B60-E28A012CD899}.AppStore|iPhoneSimulator.ActiveCfg = AppStore|iPhoneSimulator
		{51F7EDFC-DDA5-45F6-9B60-E28A012CD899}.AppStore|iPhoneSimulator.Build.0 = AppStore|iPhoneSimulator
		{51F7EDFC-DDA5-45F6-9B60-E28A012CD899}.AppStore|iPhoneSimulator.Deploy.0 = AppStore|iPhoneSimulator
		{51F7EDFC-DDA5-45F6-9B60-E28A012CD899}.AppStore|x64.ActiveCfg = AppStore|iPhone
		{51F7EDFC-DDA5-45F6-9B60-E28A012CD899}.AppStore|x64.Build.0 = AppStore|iPhone
		{51F7EDFC-DDA5-45F6-9B60-E28A012CD899}.AppStore|x64.Deploy.0 = AppStore|iPhone
		{51F7EDFC-DDA5-45F6-9B60-E28A012CD899}.AppStore|x86.ActiveCfg = AppStore|iPhone
		{51F7EDFC-DDA5-45F6-9B60-E28A012CD899}.AppStore|x86.Build.0 = AppStore|iPhone
		{51F7EDFC-DDA5-45F6-9B60-E28A012CD899}.AppStore|x86.Deploy.0 = AppStore|iPhone
		{51F7EDFC-DDA5-45F6-9B60-E28A012CD899}.Debug|Any CPU.ActiveCfg = Debug|iPhoneSimulator
		{51F7EDFC-DDA5-45F6-9B60-E28A012CD899}.Debug|Any CPU.Build.0 = Debug|iPhoneSimulator
		{51F7EDFC-DDA5-45F6-9B60-E28A012CD899}.Debug|Any CPU.Deploy.0 = Debug|iPhoneSimulator
		{51F7EDFC-DDA5-45F6-9B60-E28A012CD899}.Debug|ARM.ActiveCfg = Debug|iPhone
		{51F7EDFC-DDA5-45F6-9B60-E28A012CD899}.Debug|ARM.Build.0 = Debug|iPhone
		{51F7EDFC-DDA5-45F6-9B60-E28A012CD899}.Debug|ARM.Deploy.0 = Debug|iPhone
		{51F7EDFC-DDA5-45F6-9B60-E28A012CD899}.Debug|iPhone.ActiveCfg = Debug|iPhone
		{51F7EDFC-DDA5-45F6-9B60-E28A012CD899}.Debug|iPhone.Build.0 = Debug|iPhone
		{51F7EDFC-DDA5-45F6-9B60-E28A012CD899}.Debug|iPhone.Deploy.0 = Debug|iPhone
		{51F7EDFC-DDA5-45F6-9B60-E28A012CD899}.Debug|iPhoneSimulator.ActiveCfg = Debug|iPhoneSimulator
		{51F7EDFC-DDA5-45F6-9B60-E28A012CD899}.Debug|iPhoneSimulator.Build.0 = Debug|iPhoneSimulator
		{51F7EDFC-DDA5-45F6-9B60-E28A012CD899}.Debug|iPhoneSimulator.Deploy.0 = Debug|iPhoneSimulator
		{51F7EDFC-DDA5-45F6-9B60-E28A012CD899}.Debug|x64.ActiveCfg = Debug|iPhone
		{51F7EDFC-DDA5-45F6-9B60-E28A012CD899}.Debug|x64.Build.0 = Debug|iPhone
		{51F7EDFC-DDA5-45F6-9B60-E28A012CD899}.Debug|x64.Deploy.0 = Debug|iPhone
		{51F7EDFC-DDA5-45F6-9B60-E28A012CD899}.Debug|x86.ActiveCfg = Debug|iPhone
		{51F7EDFC-DDA5-45F6-9B60-E28A012CD899}.Debug|x86.Build.0 = Debug|iPhone
		{51F7EDFC-DDA5-45F6-9B60-E28A012CD899}.Debug|x86.Deploy.0 = Debug|iPhone
		{51F7EDFC-DDA5-45F6-9B60-E28A012CD899}.Release|Any CPU.ActiveCfg = Release|iPhone
		{51F7EDFC-DDA5-45F6-9B60-E28A012CD899}.Release|Any CPU.Build.0 = Release|iPhone
		{51F7EDFC-DDA5-45F6-9B60-E28A012CD899}.Release|Any CPU.Deploy.0 = Release|iPhone
		{51F7EDFC-DDA5-45F6-9B60-E28A012CD899}.Release|ARM.ActiveCfg = Release|iPhone
		{51F7EDFC-DDA5-45F6-9B60-E28A012CD899}.Release|ARM.Build.0 = Release|iPhone
		{51F7EDFC-DDA5-45F6-9B60-E28A012CD899}.Release|ARM.Deploy.0 = Release|iPhone
		{51F7EDFC-DDA5-45F6-9B60-E28A012CD899}.Release|iPhone.ActiveCfg = Release|iPhone
		{51F7EDFC-DDA5-45F6-9B60-E28A012CD899}.Release|iPhone.Build.0 = Release|iPhone
		{51F7EDFC-DDA5-45F6-9B60-E28A012CD899}.Release|iPhone.Deploy.0 = Release|iPhone
		{51F7EDFC-DDA5-45F6-9B60-E28A012CD899}.Release|iPhoneSimulator.ActiveCfg = Release|iPhoneSimulator
		{51F7EDFC-DDA5-45F6-9B60-E28A012CD899}.Release|iPhoneSimulator.Build.0 = Release|iPhoneSimulator
		{51F7EDFC-DDA5-45F6-9B60-E28A012CD899}.Release|iPhoneSimulator.Deploy.0 = Release|iPhoneSimulator
		{51F7EDFC-DDA5-45F6-9B60-E28A012CD899}.Release|x64.ActiveCfg = Release|iPhone
		{51F7EDFC-DDA5-45F6-9B60-E28A012CD899}.Release|x64.Build.0 = Release|iPhone
		{51F7EDFC-DDA5-45F6-9B60-E28A012CD899}.Release|x64.Deploy.0 = Release|iPhone
		{51F7EDFC-DDA5-45F6-9B60-E28A012CD899}.Release|x86.ActiveCfg = Release|iPhone
		{51F7EDFC-DDA5-45F6-9B60-E28A012CD899}.Release|x86.Build.0 = Release|iPhone
		{51F7EDFC-DDA5-45F6-9B60-E28A012CD899}.Release|x86.Deploy.0 = Release|iPhone
		{04C9EF5E-BC97-4418-8E97-D38B65B54C6B}.Ad-Hoc|Any CPU.ActiveCfg = Release|x86
		{04C9EF5E-BC97-4418-8E97-D38B65B54C6B}.Ad-Hoc|Any CPU.Build.0 = Release|x86
		{04C9EF5E-BC97-4418-8E97-D38B65B54C6B}.Ad-Hoc|Any CPU.Deploy.0 = Release|x86
		{04C9EF5E-BC97-4418-8E97-D38B65B54C6B}.Ad-Hoc|ARM.ActiveCfg = Release|ARM
		{04C9EF5E-BC97-4418-8E97-D38B65B54C6B}.Ad-Hoc|ARM.Build.0 = Release|ARM
		{04C9EF5E-BC97-4418-8E97-D38B65B54C6B}.Ad-Hoc|ARM.Deploy.0 = Release|ARM
		{04C9EF5E-BC97-4418-8E97-D38B65B54C6B}.Ad-Hoc|iPhone.ActiveCfg = Release|x86
		{04C9EF5E-BC97-4418-8E97-D38B65B54C6B}.Ad-Hoc|iPhone.Build.0 = Release|x86
		{04C9EF5E-BC97-4418-8E97-D38B65B54C6B}.Ad-Hoc|iPhone.Deploy.0 = Release|x86
		{04C9EF5E-BC97-4418-8E97-D38B65B54C6B}.Ad-Hoc|iPhoneSimulator.ActiveCfg = Release|x86
		{04C9EF5E-BC97-4418-8E97-D38B65B54C6B}.Ad-Hoc|iPhoneSimulator.Build.0 = Release|x86
		{04C9EF5E-BC97-4418-8E97-D38B65B54C6B}.Ad-Hoc|iPhoneSimulator.Deploy.0 = Release|x86
		{04C9EF5E-BC97-4418-8E97-D38B65B54C6B}.Ad-Hoc|x64.ActiveCfg = Release|x64
		{04C9EF5E-BC97-4418-8E97-D38B65B54C6B}.Ad-Hoc|x64.Build.0 = Release|x64
		{04C9EF5E-BC97-4418-8E97-D38B65B54C6B}.Ad-Hoc|x64.Deploy.0 = Release|x64
		{04C9EF5E-BC97-4418-8E97-D38B65B54C6B}.Ad-Hoc|x86.ActiveCfg = Release|x86
		{04C9EF5E-BC97-4418-8E97-D38B65B54C6B}.Ad-Hoc|x86.Build.0 = Release|x86
		{04C9EF5E-BC97-4418-8E97-D38B65B54C6B}.Ad-Hoc|x86.Deploy.0 = Release|x86
		{04C9EF5E-BC97-4418-8E97-D38B65B54C6B}.AppStore|Any CPU.ActiveCfg = Release|x86
		{04C9EF5E-BC97-4418-8E97-D38B65B54C6B}.AppStore|Any CPU.Build.0 = Release|x86
		{04C9EF5E-BC97-4418-8E97-D38B65B54C6B}.AppStore|Any CPU.Deploy.0 = Release|x86
		{04C9EF5E-BC97-4418-8E97-D38B65B54C6B}.AppStore|ARM.ActiveCfg = Release|ARM
		{04C9EF5E-BC97-4418-8E97-D38B65B54C6B}.AppStore|ARM.Build.0 = Release|ARM
		{04C9EF5E-BC97-4418-8E97-D38B65B54C6B}.AppStore|ARM.Deploy.0 = Release|ARM
		{04C9EF5E-BC97-4418-8E97-D38B65B54C6B}.AppStore|iPhone.ActiveCfg = Release|x86
		{04C9EF5E-BC97-4418-8E97-D38B65B54C6B}.AppStore|iPhone.Build.0 = Release|x86
		{04C9EF5E-BC97-4418-8E97-D38B65B54C6B}.AppStore|iPhone.Deploy.0 = Release|x86
		{04C9EF5E-BC97-4418-8E97-D38B65B54C6B}.AppStore|iPhoneSimulator.ActiveCfg = Release|x86
		{04C9EF5E-BC97-4418-8E97-D38B65B54C6B}.AppStore|iPhoneSimulator.Build.0 = Release|x86
		{04C9EF5E-BC97-4418-8E97-D38B65B54C6B}.AppStore|iPhoneSimulator.Deploy.0 = Release|x86
		{04C9EF5E-BC97-4418-8E97-D38B65B54C6B}.AppStore|x64.ActiveCfg = Release|x64
		{04C9EF5E-BC97-4418-8E97-D38B65B54C6B}.AppStore|x64.Build.0 = Release|x64
		{04C9EF5E-BC97-4418-8E97-D38B65B54C6B}.AppStore|x64.Deploy.0 = Release|x64
		{04C9EF5E-BC97-4418-8E97-D38B65B54C6B}.AppStore|x86.ActiveCfg = Release|x86
		{04C9EF5E-BC97-4418-8E97-D38B65B54C6B}.AppStore|x86.Build.0 = Release|x86
		{04C9EF5E-BC97-4418-8E97-D38B65B54C6B}.AppStore|x86.Deploy.0 = Release|x86
		{04C9EF5E-BC97-4418-8E97-D38B65B54C6B}.Debug|Any CPU.ActiveCfg = Debug|x86
		{04C9EF5E-BC97-4418-8E97-D38B65B54C6B}.Debug|Any CPU.Build.0 = Debug|x86
		{04C9EF5E-BC97-4418-8E97-D38B65B54C6B}.Debug|Any CPU.Deploy.0 = Debug|x86
		{04C9EF5E-BC97-4418-8E97-D38B65B54C6B}.Debug|ARM.ActiveCfg = Debug|ARM
		{04C9EF5E-BC97-4418-8E97-D38B65B54C6B}.Debug|ARM.Build.0 = Debug|ARM
		{04C9EF5E-BC97-4418-8E97-D38B65B54C6B}.Debug|ARM.Deploy.0 = Debug|ARM
		{04C9EF5E-BC97-4418-8E97-D38B65B54C6B}.Debug|iPhone.ActiveCfg = Debug|x86
		{04C9EF5E-BC97-4418-8E97-D38B65B54C6B}.Debug|iPhone.Build.0 = Debug|x86
		{04C9EF5E-BC97-4418-8E97-D38B65B54C6B}.Debug|iPhone.Deploy.0 = Debug|x86
		{04C9EF5E-BC97-4418-8E97-D38B65B54C6B}.Debug|iPhoneSimulator.ActiveCfg = Debug|x86
		{04C9EF5E-BC97-4418-8E97-D38B65B54C6B}.Debug|iPhoneSimulator.Build.0 = Debug|x86
		{04C9EF5E-BC97-4418-8E97-D38B65B54C6B}.Debug|iPhoneSimulator.Deploy.0 = Debug|x86
		{04C9EF5E-BC97-4418-8E97-D38B65B54C6B}.Debug|x64.ActiveCfg = Debug|x64
		{04C9EF5E-BC97-4418-8E97-D38B65B54C6B}.Debug|x64.Build.0 = Debug|x64
		{04C9EF5E-BC97-4418-8E97-D38B65B54C6B}.Debug|x64.Deploy.0 = Debug|x64
		{04C9EF5E-BC97-4418-8E97-D38B65B54C6B}.Debug|x86.ActiveCfg = Debug|x86
		{04C9EF5E-BC97-4418-8E97-D38B65B54C6B}.Debug|x86.Build.0 = Debug|x86
		{04C9EF5E-BC97-4418-8E97-D38B65B54C6B}.Debug|x86.Deploy.0 = Debug|x86
		{04C9EF5E-BC97-4418-8E97-D38B65B54C6B}.Release|Any CPU.ActiveCfg = Release|x86
		{04C9EF5E-BC97-4418-8E97-D38B65B54C6B}.Release|Any CPU.Build.0 = Release|x86
		{04C9EF5E-BC97-4418-8E97-D38B65B54C6B}.Release|Any CPU.Deploy.0 = Release|x86
		{04C9EF5E-BC97-4418-8E97-D38B65B54C6B}.Release|ARM.ActiveCfg = Release|ARM
		{04C9EF5E-BC97-4418-8E97-D38B65B54C6B}.Release|ARM.Build.0 = Release|ARM
		{04C9EF5E-BC97-4418-8E97-D38B65B54C6B}.Release|ARM.Deploy.0 = Release|ARM
		{04C9EF5E-BC97-4418-8E97-D38B65B54C6B}.Release|iPhone.ActiveCfg = Release|x86
		{04C9EF5E-BC97-4418-8E97-D38B65B54C6B}.Release|iPhone.Build.0 = Release|x86
		{04C9EF5E-BC97-4418-8E97-D38B65B54C6B}.Release|iPhone.Deploy.0 = Release|x86
		{04C9EF5E-BC97-4418-8E97-D38B65B54C6B}.Release|iPhoneSimulator.ActiveCfg = Release|x86
		{04C9EF5E-BC97-4418-8E97-D38B65B54C6B}.Release|iPhoneSimulator.Build.0 = Release|x86
		{04C9EF5E-BC97-4418-8E97-D38B65B54C6B}.Release|iPhoneSimulator.Deploy.0 = Release|x86
		{04C9EF5E-BC97-4418-8E97-D38B65B54C6B}.Release|x64.ActiveCfg = Release|x64
		{04C9EF5E-BC97-4418-8E97-D38B65B54C6B}.Release|x64.Build.0 = Release|x64
		{04C9EF5E-BC97-4418-8E97-D38B65B54C6B}.Release|x64.Deploy.0 = Release|x64
		{04C9EF5E-BC97-4418-8E97-D38B65B54C6B}.Release|x86.ActiveCfg = Release|x86
		{04C9EF5E-BC97-4418-8E97-D38B65B54C6B}.Release|x86.Build.0 = Release|x86
		{04C9EF5E-BC97-4418-8E97-D38B65B54C6B}.Release|x86.Deploy.0 = Release|x86
		{8B4B5ABC-A8B0-4B3E-BB6D-66BF8FA858DB}.Ad-Hoc|Any CPU.ActiveCfg = Debug|Any CPU
		{8B4B5ABC-A8B0-4B3E-BB6D-66BF8FA858DB}.Ad-Hoc|Any CPU.Build.0 = Debug|Any CPU
		{8B4B5ABC-A8B0-4B3E-BB6D-66BF8FA858DB}.Ad-Hoc|Any CPU.Deploy.0 = Debug|Any CPU
		{8B4B5ABC-A8B0-4B3E-BB6D-66BF8FA858DB}.Ad-Hoc|ARM.ActiveCfg = Debug|Any CPU
		{8B4B5ABC-A8B0-4B3E-BB6D-66BF8FA858DB}.Ad-Hoc|ARM.Build.0 = Debug|Any CPU
		{8B4B5ABC-A8B0-4B3E-BB6D-66BF8FA858DB}.Ad-Hoc|ARM.Deploy.0 = Debug|Any CPU
		{8B4B5ABC-A8B0-4B3E-BB6D-66BF8FA858DB}.Ad-Hoc|iPhone.ActiveCfg = Debug|Any CPU
		{8B4B5ABC-A8B0-4B3E-BB6D-66BF8FA858DB}.Ad-Hoc|iPhone.Build.0 = Debug|Any CPU
		{8B4B5ABC-A8B0-4B3E-BB6D-66BF8FA858DB}.Ad-Hoc|iPhone.Deploy.0 = Debug|Any CPU
		{8B4B5ABC-A8B0-4B3E-BB6D-66BF8FA858DB}.Ad-Hoc|iPhoneSimulator.ActiveCfg = Debug|Any CPU
		{8B4B5ABC-A8B0-4B3E-BB6D-66BF8FA858DB}.Ad-Hoc|iPhoneSimulator.Build.0 = Debug|Any CPU
		{8B4B5ABC-A8B0-4B3E-BB6D-66BF8FA858DB}.Ad-Hoc|iPhoneSimulator.Deploy.0 = Debug|Any CPU
		{8B4B5ABC-A8B0-4B3E-BB6D-66BF8FA858DB}.Ad-Hoc|x64.ActiveCfg = Debug|Any CPU
		{8B4B5ABC-A8B0-4B3E-BB6D-66BF8FA858DB}.Ad-Hoc|x64.Build.0 = Debug|Any CPU
		{8B4B5ABC-A8B0-4B3E-BB6D-66BF8FA858DB}.Ad-Hoc|x64.Deploy.0 = Debug|Any CPU
		{8B4B5ABC-A8B0-4B3E-BB6D-66BF8FA858DB}.Ad-Hoc|x86.ActiveCfg = Debug|Any CPU
		{8B4B5ABC-A8B0-4B3E-BB6D-66BF8FA858DB}.Ad-Hoc|x86.Build.0 = Debug|Any CPU
		{8B4B5ABC-A8B0-4B3E-BB6D-66BF8FA858DB}.Ad-Hoc|x86.Deploy.0 = Debug|Any CPU
		{8B4B5ABC-A8B0-4B3E-BB6D-66BF8FA858DB}.AppStore|Any CPU.ActiveCfg = Debug|Any CPU
		{8B4B5ABC-A8B0-4B3E-BB6D-66BF8FA858DB}.AppStore|Any CPU.Build.0 = Debug|Any CPU
		{8B4B5ABC-A8B0-4B3E-BB6D-66BF8FA858DB}.AppStore|Any CPU.Deploy.0 = Debug|Any CPU
		{8B4B5ABC-A8B0-4B3E-BB6D-66BF8FA858DB}.AppStore|ARM.ActiveCfg = Debug|Any CPU
		{8B4B5ABC-A8B0-4B3E-BB6D-66BF8FA858DB}.AppStore|ARM.Build.0 = Debug|Any CPU
		{8B4B5ABC-A8B0-4B3E-BB6D-66BF8FA858DB}.AppStore|ARM.Deploy.0 = Debug|Any CPU
		{8B4B5ABC-A8B0-4B3E-BB6D-66BF8FA858DB}.AppStore|iPhone.ActiveCfg = Debug|Any CPU
		{8B4B5ABC-A8B0-4B3E-BB6D-66BF8FA858DB}.AppStore|iPhone.Build.0 = Debug|Any CPU
		{8B4B5ABC-A8B0-4B3E-BB6D-66BF8FA858DB}.AppStore|iPhone.Deploy.0 = Debug|Any CPU
		{8B4B5ABC-A8B0-4B3E-BB6D-66BF8FA858DB}.AppStore|iPhoneSimulator.ActiveCfg = Debug|Any CPU
		{8B4B5ABC-A8B0-4B3E-BB6D-66BF8FA858DB}.AppStore|iPhoneSimulator.Build.0 = Debug|Any CPU
		{8B4B5ABC-A8B0-4B3E-BB6D-66BF8FA858DB}.AppStore|iPhoneSimulator.Deploy.0 = Debug|Any CPU
		{8B4B5ABC-A8B0-4B3E-BB6D-66BF8FA858DB}.AppStore|x64.ActiveCfg = Debug|Any CPU
		{8B4B5ABC-A8B0-4B3E-BB6D-66BF8FA858DB}.AppStore|x64.Build.0 = Debug|Any CPU
		{8B4B5ABC-A8B0-4B3E-BB6D-66BF8FA858DB}.AppStore|x64.Deploy.0 = Debug|Any CPU
		{8B4B5ABC-A8B0-4B3E-BB6D-66BF8FA858DB}.AppStore|x86.ActiveCfg = Debug|Any CPU
		{8B4B5ABC-A8B0-4B3E-BB6D-66BF8FA858DB}.AppStore|x86.Build.0 = Debug|Any CPU
		{8B4B5ABC-A8B0-4B3E-BB6D-66BF8FA858DB}.AppStore|x86.Deploy.0 = Debug|Any CPU
		{8B4B5ABC-A8B0-4B3E-BB6D-66BF8FA858DB}.Debug|Any CPU.ActiveCfg = Debug|Any CPU
		{8B4B5ABC-A8B0-4B3E-BB6D-66BF8FA858DB}.Debug|Any CPU.Build.0 = Debug|Any CPU
		{8B4B5ABC-A8B0-4B3E-BB6D-66BF8FA858DB}.Debug|Any CPU.Deploy.0 = Debug|Any CPU
		{8B4B5ABC-A8B0-4B3E-BB6D-66BF8FA858DB}.Debug|ARM.ActiveCfg = Debug|Any CPU
		{8B4B5ABC-A8B0-4B3E-BB6D-66BF8FA858DB}.Debug|ARM.Build.0 = Debug|Any CPU
		{8B4B5ABC-A8B0-4B3E-BB6D-66BF8FA858DB}.Debug|ARM.Deploy.0 = Debug|Any CPU
		{8B4B5ABC-A8B0-4B3E-BB6D-66BF8FA858DB}.Debug|iPhone.ActiveCfg = Debug|Any CPU
		{8B4B5ABC-A8B0-4B3E-BB6D-66BF8FA858DB}.Debug|iPhone.Build.0 = Debug|Any CPU
		{8B4B5ABC-A8B0-4B3E-BB6D-66BF8FA858DB}.Debug|iPhone.Deploy.0 = Debug|Any CPU
		{8B4B5ABC-A8B0-4B3E-BB6D-66BF8FA858DB}.Debug|iPhoneSimulator.ActiveCfg = Debug|Any CPU
		{8B4B5ABC-A8B0-4B3E-BB6D-66BF8FA858DB}.Debug|iPhoneSimulator.Build.0 = Debug|Any CPU
		{8B4B5ABC-A8B0-4B3E-BB6D-66BF8FA858DB}.Debug|iPhoneSimulator.Deploy.0 = Debug|Any CPU
		{8B4B5ABC-A8B0-4B3E-BB6D-66BF8FA858DB}.Debug|x64.ActiveCfg = Debug|Any CPU
		{8B4B5ABC-A8B0-4B3E-BB6D-66BF8FA858DB}.Debug|x64.Build.0 = Debug|Any CPU
		{8B4B5ABC-A8B0-4B3E-BB6D-66BF8FA858DB}.Debug|x64.Deploy.0 = Debug|Any CPU
		{8B4B5ABC-A8B0-4B3E-BB6D-66BF8FA858DB}.Debug|x86.ActiveCfg = Debug|Any CPU
		{8B4B5ABC-A8B0-4B3E-BB6D-66BF8FA858DB}.Debug|x86.Build.0 = Debug|Any CPU
		{8B4B5ABC-A8B0-4B3E-BB6D-66BF8FA858DB}.Debug|x86.Deploy.0 = Debug|Any CPU
		{8B4B5ABC-A8B0-4B3E-BB6D-66BF8FA858DB}.Release|Any CPU.ActiveCfg = Release|Any CPU
		{8B4B5ABC-A8B0-4B3E-BB6D-66BF8FA858DB}.Release|Any CPU.Build.0 = Release|Any CPU
		{8B4B5ABC-A8B0-4B3E-BB6D-66BF8FA858DB}.Release|Any CPU.Deploy.0 = Release|Any CPU
		{8B4B5ABC-A8B0-4B3E-BB6D-66BF8FA858DB}.Release|ARM.ActiveCfg = Release|Any CPU
		{8B4B5ABC-A8B0-4B3E-BB6D-66BF8FA858DB}.Release|ARM.Build.0 = Release|Any CPU
		{8B4B5ABC-A8B0-4B3E-BB6D-66BF8FA858DB}.Release|ARM.Deploy.0 = Release|Any CPU
		{8B4B5ABC-A8B0-4B3E-BB6D-66BF8FA858DB}.Release|iPhone.ActiveCfg = Release|Any CPU
		{8B4B5ABC-A8B0-4B3E-BB6D-66BF8FA858DB}.Release|iPhone.Build.0 = Release|Any CPU
		{8B4B5ABC-A8B0-4B3E-BB6D-66BF8FA858DB}.Release|iPhone.Deploy.0 = Release|Any CPU
		{8B4B5ABC-A8B0-4B3E-BB6D-66BF8FA858DB}.Release|iPhoneSimulator.ActiveCfg = Release|Any CPU
		{8B4B5ABC-A8B0-4B3E-BB6D-66BF8FA858DB}.Release|iPhoneSimulator.Build.0 = Release|Any CPU
		{8B4B5ABC-A8B0-4B3E-BB6D-66BF8FA858DB}.Release|iPhoneSimulator.Deploy.0 = Release|Any CPU
		{8B4B5ABC-A8B0-4B3E-BB6D-66BF8FA858DB}.Release|x64.ActiveCfg = Release|Any CPU
		{8B4B5ABC-A8B0-4B3E-BB6D-66BF8FA858DB}.Release|x64.Build.0 = Release|Any CPU
		{8B4B5ABC-A8B0-4B3E-BB6D-66BF8FA858DB}.Release|x64.Deploy.0 = Release|Any CPU
		{8B4B5ABC-A8B0-4B3E-BB6D-66BF8FA858DB}.Release|x86.ActiveCfg = Release|Any CPU
		{8B4B5ABC-A8B0-4B3E-BB6D-66BF8FA858DB}.Release|x86.Build.0 = Release|Any CPU
		{8B4B5ABC-A8B0-4B3E-BB6D-66BF8FA858DB}.Release|x86.Deploy.0 = Release|Any CPU
	EndGlobalSection
	GlobalSection(SolutionProperties) = preSolution
		HideSolutionNode = FALSE
	EndGlobalSection
	GlobalSection(ExtensibilityGlobals) = postSolution
		SolutionGuid = {3B408ED7-21AD-4662-B807-C098C49F8927}
	EndGlobalSection
EndGlobal
